
Microsoft Visual Studio Solution File, Format Version 12.00
# Visual Studio Version 17
VisualStudioVersion = 17.8.34330.188
MinimumVisualStudioVersion = 10.0.40219.1
Project("{FAE04EC0-301F-11D3-BF4B-00C04F79EFBC}") = "IntroductionToDOTNET", "IntroductionToDOTNET\IntroductionToDOTNET.csproj", "{A82F8280-6413-4296-8BE6-59AB6036184C}"
EndProject
Project("{FAE04EC0-301F-11D3-BF4B-00C04F79EFBC}") = "Geometry", "Geometry\Geometry.csproj", "{C67D1A9A-F451-4EBC-825E-C97B8F8F17D2}"
EndProject
Project("{FAE04EC0-301F-11D3-BF4B-00C04F79EFBC}") = "Сhessboard", "Сhessboard\Сhessboard.csproj", "{C11A573A-831B-4D15-B086-50D682C88DD5}"
EndProject
Global
	GlobalSection(SolutionConfigurationPlatforms) = preSolution
		Debug|Any CPU = Debug|Any CPU
		Release|Any CPU = Release|Any CPU
	EndGlobalSection
	GlobalSection(ProjectConfigurationPlatforms) = postSolution
		{A82F8280-6413-4296-8BE6-59AB6036184C}.Debug|Any CPU.ActiveCfg = Debug|Any CPU
		{A82F8280-6413-4296-8BE6-59AB6036184C}.Debug|Any CPU.Build.0 = Debug|Any CPU
		{A82F8280-6413-4296-8BE6-59AB6036184C}.Release|Any CPU.ActiveCfg = Release|Any CPU
		{A82F8280-6413-4296-8BE6-59AB6036184C}.Release|Any CPU.Build.0 = Release|Any CPU
		{C67D1A9A-F451-4EBC-825E-C97B8F8F17D2}.Debug|Any CPU.ActiveCfg = Debug|Any CPU
		{C67D1A9A-F451-4EBC-825E-C97B8F8F17D2}.Debug|Any CPU.Build.0 = Debug|Any CPU
		{C67D1A9A-F451-4EBC-825E-C97B8F8F17D2}.Release|Any CPU.ActiveCfg = Release|Any CPU
		{C67D1A9A-F451-4EBC-825E-C97B8F8F17D2}.Release|Any CPU.Build.0 = Release|Any CPU
		{C11A573A-831B-4D15-B086-50D682C88DD5}.Debug|Any CPU.ActiveCfg = Debug|Any CPU
		{C11A573A-831B-4D15-B086-50D682C88DD5}.Debug|Any CPU.Build.0 = Debug|Any CPU
		{C11A573A-831B-4D15-B086-50D682C88DD5}.Release|Any CPU.ActiveCfg = Release|Any CPU
		{C11A573A-831B-4D15-B086-50D682C88DD5}.Release|Any CPU.Build.0 = Release|Any CPU
	EndGlobalSection
	GlobalSection(SolutionProperties) = preSolution
		HideSolutionNode = FALSE
	EndGlobalSection
	GlobalSection(ExtensibilityGlobals) = postSolution
		SolutionGuid = {B254CBED-6EB9-48EA-80B0-38A5E00AC1A5}
	EndGlobalSection
EndGlobal
